
Microsoft Visual Studio Solution File, Format Version 12.00
Project("{FAE04EC0-301F-11D3-BF4B-00C04F79EFBC}") = "MessageConverter", "..\CompilerFrontEnd\MessageConverter\MessageConverter.csproj", "{E1AD75F3-E4CC-4D3E-8A1E-C34F766AB2E7}"
EndProject
Project("{FAE04EC0-301F-11D3-BF4B-00C04F79EFBC}") = "MessageConverter", "MessageConverter\MessageConverter.csproj", "{795C33FF-F252-434A-A32B-559597F363C3}"
EndProject
Global
	GlobalSection(SolutionConfigurationPlatforms) = preSolution
		Debug|Any CPU = Debug|Any CPU
		Release|Any CPU = Release|Any CPU
	EndGlobalSection
	GlobalSection(ProjectConfigurationPlatforms) = postSolution
		{E1AD75F3-E4CC-4D3E-8A1E-C34F766AB2E7}.Debug|Any CPU.ActiveCfg = Debug|Any CPU
		{E1AD75F3-E4CC-4D3E-8A1E-C34F766AB2E7}.Debug|Any CPU.Build.0 = Debug|Any CPU
		{E1AD75F3-E4CC-4D3E-8A1E-C34F766AB2E7}.Release|Any CPU.ActiveCfg = Release|Any CPU
		{E1AD75F3-E4CC-4D3E-8A1E-C34F766AB2E7}.Release|Any CPU.Build.0 = Release|Any CPU
		{795C33FF-F252-434A-A32B-559597F363C3}.Debug|Any CPU.ActiveCfg = Debug|Any CPU
		{795C33FF-F252-434A-A32B-559597F363C3}.Debug|Any CPU.Build.0 = Debug|Any CPU
		{795C33FF-F252-434A-A32B-559597F363C3}.Release|Any CPU.ActiveCfg = Release|Any CPU
		{795C33FF-F252-434A-A32B-559597F363C3}.Release|Any CPU.Build.0 = Release|Any CPU
	EndGlobalSection
EndGlobal
